# This file is automatically @generated by Crow.
# It is not intended for manual editing.

version = 1

[[package]]
name = "my_project"
version = "0.1.0"
dependencies = ["formatter 1.0.0", "winapi"]

[[package]]
name = "fmt"
version = "0.0.0"
source = "git+https://github.com/fmtlib/fmt#9cb8c0f92b4c345fb974a75d71370c23047528aa"

[[package]]
name = "formatter"
version = "1.0.0"
dependencies = ["fmt 0.0.0 (git+https://github.com/fmtlib/fmt#9cb8c0f92b4c345fb974a75d71370c23047528aa)"]
